
Microsoft Visual Studio Solution File, Format Version 11.00
# Visual Studio 2010
Project("{FAE04EC0-301F-11D3-BF4B-00C04F79EFBC}") = "Anim_Study", "Assembly-CSharp.csproj", "{B7A54AA7-AFD9-F25A-D4E6-105E39724DF6}"
EndProject
Global
	GlobalSection(SolutionConfigurationPlatforms) = preSolution
		Debug|Any CPU = Debug|Any CPU
		Release|Any CPU = Release|Any CPU
	EndGlobalSection
	GlobalSection(ProjectConfigurationPlatforms) = postSolution
		{B7A54AA7-AFD9-F25A-D4E6-105E39724DF6}.Debug|Any CPU.ActiveCfg = Debug|Any CPU
		{B7A54AA7-AFD9-F25A-D4E6-105E39724DF6}.Debug|Any CPU.Build.0 = Debug|Any CPU
		{B7A54AA7-AFD9-F25A-D4E6-105E39724DF6}.Release|Any CPU.ActiveCfg = Release|Any CPU
		{B7A54AA7-AFD9-F25A-D4E6-105E39724DF6}.Release|Any CPU.Build.0 = Release|Any CPU
	EndGlobalSection
	GlobalSection(SolutionProperties) = preSolution
		HideSolutionNode = FALSE
	EndGlobalSection
	GlobalSection(MonoDevelopProperties) = preSolution
		StartupItem = Assembly-CSharp.csproj
	EndGlobalSection
EndGlobal
